
Microsoft Visual Studio Solution File, Format Version 12.00
# Visual Studio Version 16
VisualStudioVersion = 16.0.31702.278
MinimumVisualStudioVersion = 10.0.40219.1
Project("{9A19103F-16F7-4668-BE54-9A1E7A4F7556}") = "Targil0", "Targil0\Targil0.csproj", "{AC28DA3D-1BD9-4BF7-9EB5-7EF43A7EAB21}"
EndProject
Project("{2150E333-8FDC-42A3-9474-1A3956D46DE8}") = "Solution Items", "Solution Items", "{88B3C3F6-92CC-40AC-A9BD-CAB3909A511B}"
	ProjectSection(SolutionItems) = preProject
		README.md = README.md
	EndProjectSection
EndProject
Project("{9A19103F-16F7-4668-BE54-9A1E7A4F7556}") = "ConsoleUI", "ConsoleUI\ConsoleUI.csproj", "{27B631DE-C3EB-4557-AFFD-61A3BAFC88B1}"
EndProject
Project("{9A19103F-16F7-4668-BE54-9A1E7A4F7556}") = "DAL", "DAL\DAL.csproj", "{F0CE27D4-14A6-45E0-8965-954FB39A660A}"
EndProject
Project("{9A19103F-16F7-4668-BE54-9A1E7A4F7556}") = "BL", "BL\BL.csproj", "{E04E9A84-95F2-47AC-A69B-57FF6DB9E191}"
EndProject
Project("{9A19103F-16F7-4668-BE54-9A1E7A4F7556}") = "ConsoleUI_BL", "ConsoleUI_BL\ConsoleUI_BL.csproj", "{B7F6E525-91E4-457F-92E8-14E02D5EF8EF}"
EndProject
Project("{9A19103F-16F7-4668-BE54-9A1E7A4F7556}") = "PL", "PL\PL.csproj", "{0C39DFBD-0ACA-447B-B37B-873A441160F1}"
EndProject
Project("{9A19103F-16F7-4668-BE54-9A1E7A4F7556}") = "DalFacade", "DalFacade\DalFacade.csproj", "{7D48C703-106F-4488-99B7-2ED531469779}"
EndProject
Project("{9A19103F-16F7-4668-BE54-9A1E7A4F7556}") = "DalObject", "DalObject\DalObject.csproj", "{E577B927-B97D-47BA-B97D-150DFD07623C}"
EndProject
Project("{9A19103F-16F7-4668-BE54-9A1E7A4F7556}") = "DalXml", "DalXml\DalXml.csproj", "{B7D93A34-807B-41E1-AAAD-BA9F24D46FCF}"
EndProject
Project("{9A19103F-16F7-4668-BE54-9A1E7A4F7556}") = "BL1", "BL1\BL1.csproj", "{029DA3B8-4BBD-4C76-B91E-5BC36A26CBB0}"
EndProject
Project("{2150E333-8FDC-42A3-9474-1A3956D46DE8}") = "Previous", "Previous", "{924223F2-0C36-4217-B6BE-9B60F3C49F23}"
EndProject
Project("{2150E333-8FDC-42A3-9474-1A3956D46DE8}") = "xml", "xml", "{FA40C392-7F04-4019-B34A-B595F82730F4}"
	ProjectSection(SolutionItems) = preProject
		xml\config.xml = xml\config.xml
		xml\customersXml.xml = xml\customersXml.xml
		xml\dal-config.xml = xml\dal-config.xml
		xml\dronesChargeXml.xml = xml\dronesChargeXml.xml
		xml\dronesXml.xml = xml\dronesXml.xml
		xml\parcelsXml.xml = xml\parcelsXml.xml
		xml\stationsXml.xml = xml\stationsXml.xml
	EndProjectSection
EndProject
Global
	GlobalSection(SolutionConfigurationPlatforms) = preSolution
		Debug|Any CPU = Debug|Any CPU
		Release|Any CPU = Release|Any CPU
	EndGlobalSection
	GlobalSection(ProjectConfigurationPlatforms) = postSolution
		{AC28DA3D-1BD9-4BF7-9EB5-7EF43A7EAB21}.Debug|Any CPU.ActiveCfg = Debug|Any CPU
		{AC28DA3D-1BD9-4BF7-9EB5-7EF43A7EAB21}.Debug|Any CPU.Build.0 = Debug|Any CPU
		{AC28DA3D-1BD9-4BF7-9EB5-7EF43A7EAB21}.Release|Any CPU.ActiveCfg = Release|Any CPU
		{AC28DA3D-1BD9-4BF7-9EB5-7EF43A7EAB21}.Release|Any CPU.Build.0 = Release|Any CPU
		{27B631DE-C3EB-4557-AFFD-61A3BAFC88B1}.Debug|Any CPU.ActiveCfg = Debug|Any CPU
		{27B631DE-C3EB-4557-AFFD-61A3BAFC88B1}.Debug|Any CPU.Build.0 = Debug|Any CPU
		{27B631DE-C3EB-4557-AFFD-61A3BAFC88B1}.Release|Any CPU.ActiveCfg = Release|Any CPU
		{27B631DE-C3EB-4557-AFFD-61A3BAFC88B1}.Release|Any CPU.Build.0 = Release|Any CPU
		{F0CE27D4-14A6-45E0-8965-954FB39A660A}.Debug|Any CPU.ActiveCfg = Debug|Any CPU
		{F0CE27D4-14A6-45E0-8965-954FB39A660A}.Debug|Any CPU.Build.0 = Debug|Any CPU
		{F0CE27D4-14A6-45E0-8965-954FB39A660A}.Release|Any CPU.ActiveCfg = Release|Any CPU
		{F0CE27D4-14A6-45E0-8965-954FB39A660A}.Release|Any CPU.Build.0 = Release|Any CPU
		{E04E9A84-95F2-47AC-A69B-57FF6DB9E191}.Debug|Any CPU.ActiveCfg = Debug|Any CPU
		{E04E9A84-95F2-47AC-A69B-57FF6DB9E191}.Debug|Any CPU.Build.0 = Debug|Any CPU
		{E04E9A84-95F2-47AC-A69B-57FF6DB9E191}.Release|Any CPU.ActiveCfg = Release|Any CPU
		{E04E9A84-95F2-47AC-A69B-57FF6DB9E191}.Release|Any CPU.Build.0 = Release|Any CPU
		{B7F6E525-91E4-457F-92E8-14E02D5EF8EF}.Debug|Any CPU.ActiveCfg = Debug|Any CPU
		{B7F6E525-91E4-457F-92E8-14E02D5EF8EF}.Debug|Any CPU.Build.0 = Debug|Any CPU
		{B7F6E525-91E4-457F-92E8-14E02D5EF8EF}.Release|Any CPU.ActiveCfg = Release|Any CPU
		{B7F6E525-91E4-457F-92E8-14E02D5EF8EF}.Release|Any CPU.Build.0 = Release|Any CPU
		{0C39DFBD-0ACA-447B-B37B-873A441160F1}.Debug|Any CPU.ActiveCfg = Debug|Any CPU
		{0C39DFBD-0ACA-447B-B37B-873A441160F1}.Debug|Any CPU.Build.0 = Debug|Any CPU
		{0C39DFBD-0ACA-447B-B37B-873A441160F1}.Release|Any CPU.ActiveCfg = Release|Any CPU
		{0C39DFBD-0ACA-447B-B37B-873A441160F1}.Release|Any CPU.Build.0 = Release|Any CPU
		{7D48C703-106F-4488-99B7-2ED531469779}.Debug|Any CPU.ActiveCfg = Debug|Any CPU
		{7D48C703-106F-4488-99B7-2ED531469779}.Debug|Any CPU.Build.0 = Debug|Any CPU
		{7D48C703-106F-4488-99B7-2ED531469779}.Release|Any CPU.ActiveCfg = Release|Any CPU
		{7D48C703-106F-4488-99B7-2ED531469779}.Release|Any CPU.Build.0 = Release|Any CPU
		{E577B927-B97D-47BA-B97D-150DFD07623C}.Debug|Any CPU.ActiveCfg = Debug|Any CPU
		{E577B927-B97D-47BA-B97D-150DFD07623C}.Debug|Any CPU.Build.0 = Debug|Any CPU
		{E577B927-B97D-47BA-B97D-150DFD07623C}.Release|Any CPU.ActiveCfg = Release|Any CPU
		{E577B927-B97D-47BA-B97D-150DFD07623C}.Release|Any CPU.Build.0 = Release|Any CPU
		{B7D93A34-807B-41E1-AAAD-BA9F24D46FCF}.Debug|Any CPU.ActiveCfg = Debug|Any CPU
		{B7D93A34-807B-41E1-AAAD-BA9F24D46FCF}.Debug|Any CPU.Build.0 = Debug|Any CPU
		{B7D93A34-807B-41E1-AAAD-BA9F24D46FCF}.Release|Any CPU.ActiveCfg = Release|Any CPU
		{B7D93A34-807B-41E1-AAAD-BA9F24D46FCF}.Release|Any CPU.Build.0 = Release|Any CPU
		{029DA3B8-4BBD-4C76-B91E-5BC36A26CBB0}.Debug|Any CPU.ActiveCfg = Debug|Any CPU
		{029DA3B8-4BBD-4C76-B91E-5BC36A26CBB0}.Debug|Any CPU.Build.0 = Debug|Any CPU
		{029DA3B8-4BBD-4C76-B91E-5BC36A26CBB0}.Release|Any CPU.ActiveCfg = Release|Any CPU
		{029DA3B8-4BBD-4C76-B91E-5BC36A26CBB0}.Release|Any CPU.Build.0 = Release|Any CPU
	EndGlobalSection
	GlobalSection(SolutionProperties) = preSolution
		HideSolutionNode = FALSE
	EndGlobalSection
	GlobalSection(NestedProjects) = preSolution
		{AC28DA3D-1BD9-4BF7-9EB5-7EF43A7EAB21} = {924223F2-0C36-4217-B6BE-9B60F3C49F23}
		{27B631DE-C3EB-4557-AFFD-61A3BAFC88B1} = {924223F2-0C36-4217-B6BE-9B60F3C49F23}
		{F0CE27D4-14A6-45E0-8965-954FB39A660A} = {924223F2-0C36-4217-B6BE-9B60F3C49F23}
		{E04E9A84-95F2-47AC-A69B-57FF6DB9E191} = {924223F2-0C36-4217-B6BE-9B60F3C49F23}
		{B7F6E525-91E4-457F-92E8-14E02D5EF8EF} = {924223F2-0C36-4217-B6BE-9B60F3C49F23}
	EndGlobalSection
	GlobalSection(ExtensibilityGlobals) = postSolution
		SolutionGuid = {260BF777-1B3F-4DEB-A205-080A8892FEBC}
	EndGlobalSection
EndGlobal
